
Microsoft Visual Studio Solution File, Format Version 12.00
# Visual Studio Version 16
VisualStudioVersion = 16.0.30804.86
MinimumVisualStudioVersion = 10.0.40219.1
Project("{FAE04EC0-301F-11D3-BF4B-00C04F79EFBC}") = "ConsoleApp2", "ConsoleApp2\ConsoleApp2.csproj", "{1993D9FF-56DF-4722-AFD3-AAED00EC4380}"
EndProject
Global
	GlobalSection(SolutionConfigurationPlatforms) = preSolution
		Debug|Any CPU = Debug|Any CPU
		Release|Any CPU = Release|Any CPU
	EndGlobalSection
	GlobalSection(ProjectConfigurationPlatforms) = postSolution
		{1993D9FF-56DF-4722-AFD3-AAED00EC4380}.Debug|Any CPU.ActiveCfg = Debug|Any CPU
		{1993D9FF-56DF-4722-AFD3-AAED00EC4380}.Debug|Any CPU.Build.0 = Debug|Any CPU
		{1993D9FF-56DF-4722-AFD3-AAED00EC4380}.Release|Any CPU.ActiveCfg = Release|Any CPU
		{1993D9FF-56DF-4722-AFD3-AAED00EC4380}.Release|Any CPU.Build.0 = Release|Any CPU
	EndGlobalSection
	GlobalSection(SolutionProperties) = preSolution
		HideSolutionNode = FALSE
	EndGlobalSection
	GlobalSection(ExtensibilityGlobals) = postSolution
		SolutionGuid = {C4CB3F19-9F6C-4BB7-8EA1-E14E9EE3151F}
	EndGlobalSection
EndGlobal
