
Microsoft Visual Studio Solution File, Format Version 12.00
# Visual Studio Version 16
VisualStudioVersion = 16.0.30804.86
MinimumVisualStudioVersion = 10.0.40219.1
Project("{FAE04EC0-301F-11D3-BF4B-00C04F79EFBC}") = "CSharpFundamentals", "Person\CSharpFundamentals.csproj", "{71C1EFC5-B94F-4F3B-A89D-84F62AEB3563}"
EndProject
Global
	GlobalSection(SolutionConfigurationPlatforms) = preSolution
		Debug|Any CPU = Debug|Any CPU
		Release|Any CPU = Release|Any CPU
	EndGlobalSection
	GlobalSection(ProjectConfigurationPlatforms) = postSolution
		{71C1EFC5-B94F-4F3B-A89D-84F62AEB3563}.Debug|Any CPU.ActiveCfg = Debug|Any CPU
		{71C1EFC5-B94F-4F3B-A89D-84F62AEB3563}.Debug|Any CPU.Build.0 = Debug|Any CPU
		{71C1EFC5-B94F-4F3B-A89D-84F62AEB3563}.Release|Any CPU.ActiveCfg = Release|Any CPU
		{71C1EFC5-B94F-4F3B-A89D-84F62AEB3563}.Release|Any CPU.Build.0 = Release|Any CPU
	EndGlobalSection
	GlobalSection(SolutionProperties) = preSolution
		HideSolutionNode = FALSE
	EndGlobalSection
	GlobalSection(ExtensibilityGlobals) = postSolution
		SolutionGuid = {4456EAF0-0CFA-4DD6-9CE8-CD00AF1CFC7E}
	EndGlobalSection
EndGlobal
